{
  "name": "rock-paper-scissors-v2",
  "version": "1.0.0",
  "lockfileVersion": 1,
  "requires": true,
  "dependencies": {
    "mouse-proximity": {
      "version": "1.0.3",
      "resolved": "https://registry.npmjs.org/mouse-proximity/-/mouse-proximity-1.0.3.tgz",
      "integrity": "sha1-pohzLKBNuLx5iVvw1Sgxf47lH1A="
    },
    "uniq": {
      "version": "1.0.1",
      "resolved": "https://registry.npmjs.org/uniq/-/uniq-1.0.1.tgz",
      "integrity": "sha1-sxxa6CVIRKOoKBVBzisEuGWnNP8="
    }
  }
}
